
Microsoft Visual Studio Solution File, Format Version 12.00
# Visual Studio Version 16
VisualStudioVersion = 16.0.28922.388
MinimumVisualStudioVersion = 10.0.40219.1
Project("{8BC9CEB8-8B4A-11D0-8D11-00A0C91BC942}") = "Streaming", "Streaming\Streaming.vcxproj", "{A7F0D96C-00CB-476E-9F31-5013294EC597}"
EndProject
Global
	GlobalSection(SolutionConfigurationPlatforms) = preSolution
		client|x64 = client|x64
		client|x86 = client|x86
		server|x64 = server|x64
		server|x86 = server|x86
	EndGlobalSection
	GlobalSection(ProjectConfigurationPlatforms) = postSolution
		{A7F0D96C-00CB-476E-9F31-5013294EC597}.client|x64.ActiveCfg = Release|x64
		{A7F0D96C-00CB-476E-9F31-5013294EC597}.client|x64.Build.0 = Release|x64
		{A7F0D96C-00CB-476E-9F31-5013294EC597}.client|x86.ActiveCfg = Release|Win32
		{A7F0D96C-00CB-476E-9F31-5013294EC597}.client|x86.Build.0 = Release|Win32
		{A7F0D96C-00CB-476E-9F31-5013294EC597}.server|x64.ActiveCfg = Debug|x64
		{A7F0D96C-00CB-476E-9F31-5013294EC597}.server|x64.Build.0 = Debug|x64
		{A7F0D96C-00CB-476E-9F31-5013294EC597}.server|x86.ActiveCfg = Debug|Win32
		{A7F0D96C-00CB-476E-9F31-5013294EC597}.server|x86.Build.0 = Debug|Win32
	EndGlobalSection
	GlobalSection(SolutionProperties) = preSolution
		HideSolutionNode = FALSE
	EndGlobalSection
	GlobalSection(ExtensibilityGlobals) = postSolution
		SolutionGuid = {FF8893CC-00AA-4E6B-A583-E4334A0B0E58}
	EndGlobalSection
EndGlobal
